
Microsoft Visual Studio Solution File, Format Version 12.00
# Visual Studio Version 16
VisualStudioVersion = 16.0.31321.278
MinimumVisualStudioVersion = 10.0.40219.1
Project("{FAE04EC0-301F-11D3-BF4B-00C04F79EFBC}") = "profile", "profile\profile.csproj", "{0F45058A-2D17-4375-8154-64C3BAE76F49}"
EndProject
Global
	GlobalSection(SolutionConfigurationPlatforms) = preSolution
		Debug|Any CPU = Debug|Any CPU
		Release|Any CPU = Release|Any CPU
	EndGlobalSection
	GlobalSection(ProjectConfigurationPlatforms) = postSolution
		{0F45058A-2D17-4375-8154-64C3BAE76F49}.Debug|Any CPU.ActiveCfg = Debug|Any CPU
		{0F45058A-2D17-4375-8154-64C3BAE76F49}.Debug|Any CPU.Build.0 = Debug|Any CPU
		{0F45058A-2D17-4375-8154-64C3BAE76F49}.Release|Any CPU.ActiveCfg = Release|Any CPU
		{0F45058A-2D17-4375-8154-64C3BAE76F49}.Release|Any CPU.Build.0 = Release|Any CPU
	EndGlobalSection
	GlobalSection(SolutionProperties) = preSolution
		HideSolutionNode = FALSE
	EndGlobalSection
	GlobalSection(ExtensibilityGlobals) = postSolution
		SolutionGuid = {DDDD7056-89E7-461A-AEB4-44DC59112590}
	EndGlobalSection
EndGlobal
